
Microsoft Visual Studio Solution File, Format Version 12.00
# Visual Studio Version 16
VisualStudioVersion = 16.0.29503.13
MinimumVisualStudioVersion = 10.0.40219.1
Project("{FAE04EC0-301F-11D3-BF4B-00C04F79EFBC}") = "SignalRClient", "SignalRClient\SignalRClient.csproj", "{926BA91C-44BF-4901-ACF6-9538BBFCD49B}"
EndProject
Global
	GlobalSection(SolutionConfigurationPlatforms) = preSolution
		Debug|Any CPU = Debug|Any CPU
		Release|Any CPU = Release|Any CPU
	EndGlobalSection
	GlobalSection(ProjectConfigurationPlatforms) = postSolution
		{926BA91C-44BF-4901-ACF6-9538BBFCD49B}.Debug|Any CPU.ActiveCfg = Debug|Any CPU
		{926BA91C-44BF-4901-ACF6-9538BBFCD49B}.Debug|Any CPU.Build.0 = Debug|Any CPU
		{926BA91C-44BF-4901-ACF6-9538BBFCD49B}.Release|Any CPU.ActiveCfg = Release|Any CPU
		{926BA91C-44BF-4901-ACF6-9538BBFCD49B}.Release|Any CPU.Build.0 = Release|Any CPU
	EndGlobalSection
	GlobalSection(SolutionProperties) = preSolution
		HideSolutionNode = FALSE
	EndGlobalSection
	GlobalSection(ExtensibilityGlobals) = postSolution
		SolutionGuid = {A55226A3-945E-4145-B67D-AE9C37228A32}
	EndGlobalSection
EndGlobal
